{
  "name": "vue-jello",
  "version": "0.3.0",
  "lockfileVersion": 2,
  "requires": true,
  "packages": {
    "": {
      "name": "vue-jello",
      "version": "0.3.0",
      "license": "ISC",
      "dependencies": {
        "jello.js": "0.3.x"
      }
    },
    "node_modules/@vue/reactivity": {
      "version": "3.3.9",
      "resolved": "https://registry.npmjs.org/@vue/reactivity/-/reactivity-3.3.9.tgz",
      "integrity": "sha512-VmpIqlNp+aYDg2X0xQhJqHx9YguOmz2UxuUJDckBdQCNkipJvfk9yA75woLWElCa0Jtyec3lAAt49GO0izsphw==",
      "dependencies": {
        "@vue/shared": "3.3.9"
      }
    },
    "node_modules/@vue/shared": {
      "version": "3.3.9",
      "resolved": "https://registry.npmjs.org/@vue/shared/-/shared-3.3.9.tgz",
      "integrity": "sha512-ZE0VTIR0LmYgeyhurPTpy4KzKsuDyQbMSdM49eKkMnT5X4VfFBLysMzjIZhLEFQYjjOVVfbvUDHckwjDFiO2eA=="
    },
    "node_modules/jello.js": {
      "version": "0.3.0",
      "resolved": "https://registry.npmjs.org/jello.js/-/jello.js-0.3.0.tgz",
      "integrity": "sha512-yMZaCEKzPJl5DBKqw+RgIu4kNXqv0K/QHuaqBFXvs1CH+/PLxtCSl29Zkn66jqtoJENVhgcMKFUIFkh/BXgrPg==",
      "dependencies": {
        "@vue/reactivity": "3.x",
        "lodash": "^4.17.21"
      },
      "bin": {
        "jello": "src/cli/index.js"
      }
    },
    "node_modules/lodash": {
      "version": "4.17.21",
      "resolved": "https://registry.npmjs.org/lodash/-/lodash-4.17.21.tgz",
      "integrity": "sha512-v2kDEe57lecTulaDIuNTPy3Ry4gLGJ6Z1O3vE1krgXZNrsQ+LFTGHVxVjcXPs17LhbZVGedAJv8XZ1tvj5FvSg=="
    }
  },
  "dependencies": {
    "@vue/reactivity": {
      "version": "3.3.9",
      "resolved": "https://registry.npmjs.org/@vue/reactivity/-/reactivity-3.3.9.tgz",
      "integrity": "sha512-VmpIqlNp+aYDg2X0xQhJqHx9YguOmz2UxuUJDckBdQCNkipJvfk9yA75woLWElCa0Jtyec3lAAt49GO0izsphw==",
      "requires": {
        "@vue/shared": "3.3.9"
      }
    },
    "@vue/shared": {
      "version": "3.3.9",
      "resolved": "https://registry.npmjs.org/@vue/shared/-/shared-3.3.9.tgz",
      "integrity": "sha512-ZE0VTIR0LmYgeyhurPTpy4KzKsuDyQbMSdM49eKkMnT5X4VfFBLysMzjIZhLEFQYjjOVVfbvUDHckwjDFiO2eA=="
    },
    "jello.js": {
      "version": "0.3.0",
      "resolved": "https://registry.npmjs.org/jello.js/-/jello.js-0.3.0.tgz",
      "integrity": "sha512-yMZaCEKzPJl5DBKqw+RgIu4kNXqv0K/QHuaqBFXvs1CH+/PLxtCSl29Zkn66jqtoJENVhgcMKFUIFkh/BXgrPg==",
      "requires": {
        "@vue/reactivity": "3.x",
        "lodash": "^4.17.21"
      }
    },
    "lodash": {
      "version": "4.17.21",
      "resolved": "https://registry.npmjs.org/lodash/-/lodash-4.17.21.tgz",
      "integrity": "sha512-v2kDEe57lecTulaDIuNTPy3Ry4gLGJ6Z1O3vE1krgXZNrsQ+LFTGHVxVjcXPs17LhbZVGedAJv8XZ1tvj5FvSg=="
    }
  }
}
